<?xml version="1.0" encoding="utf-8"?>
<Project DefaultTargets="Build" ToolsVersion="4.0" xmlns="http://schemas.microsoft.com/developer/msbuild/2003">
  <PropertyGroup>
    <Configuration Condition=" '$(Configuration)' == '' ">Debug</Configuration>
    <Platform Condition=" '$(Platform)' == '' ">AnyCPU</Platform>
    <ProjectGuid>{340EB0D3-28A2-4108-9A7B-1148872DC789}</ProjectGuid>
    <Compiler>DMD2</Compiler>
    <PreferOneStepBuild>true</PreferOneStepBuild>
    <UseDefaultCompiler>true</UseDefaultCompiler>
    <IncrementalLinking>true</IncrementalLinking>
    <DependentProjectIds>
      <DependentProjectIds>
        <String>{A38BEF21-AAFE-4115-A978-63B7C8C2FBD1}</String>
      </DependentProjectIds>
    </DependentProjectIds>
    <Includes>
      <Includes>
        <Path>/home/alex/git/others/dlangui/src</Path>
        <Path>/home/alex/git/others/dlangui/deps/DerelictSDL2/source</Path>
        <Path>/home/alex/git/others/dlangui/deps/DerelictFT/source</Path>
        <Path>/home/alex/git/others/dlangui/deps/DerelictGL3/source</Path>
        <Path>/home/alex/git/others/dlangui/deps/DerelictUtil/source</Path>
        <Path>/home/alex/git/others/dlangui/3rdparty</Path>
      </Includes>
    </Includes>
  </PropertyGroup>
  <PropertyGroup Condition=" '$(Configuration)|$(Platform)' == 'Debug|AnyCPU' ">
    <DebugSymbols>true</DebugSymbols>
    <OutputPath>bin\Debug</OutputPath>
    <ObjectsDirectory>obj/Debug</ObjectsDirectory>
    <LinkinThirdPartyLibraries>true</LinkinThirdPartyLibraries>
    <UnittestMode>false</UnittestMode>
    <OutputName>amh-dlangui</OutputName>
    <Target>Executable</Target>
    <Externalconsole>true</Externalconsole>
    <DebugLevel>0</DebugLevel>
    <VersionIds>
      <VersionIds>
        <String>USE_OPENGL</String>
        <String>USE_SDL</String>
        <String>USE_FREETYPE</String>
        <String>Unicode</String>
      </VersionIds>
    </VersionIds>
  </PropertyGroup>
  <PropertyGroup Condition=" '$(Configuration)|$(Platform)' == 'Release|AnyCPU' ">
    <OutputPath>bin\Release</OutputPath>
    <ObjectsDirectory>obj/Release</ObjectsDirectory>
    <LinkinThirdPartyLibraries>false</LinkinThirdPartyLibraries>
    <UnittestMode>false</UnittestMode>
    <OutputName>amh-dlangui</OutputName>
    <Target>Executable</Target>
    <Externalconsole>true</Externalconsole>
    <DebugLevel>0</DebugLevel>
  </PropertyGroup>
  <PropertyGroup Condition=" '$(Configuration)|$(Platform)' == 'Unittest|AnyCPU' ">
    <DebugSymbols>true</DebugSymbols>
    <OutputPath>bin\Unittest</OutputPath>
    <ObjectsDirectory>obj/Unittest</ObjectsDirectory>
    <LinkinThirdPartyLibraries>false</LinkinThirdPartyLibraries>
    <UnittestMode>true</UnittestMode>
    <OutputName>amh-dlangui</OutputName>
    <Target>Executable</Target>
    <Externalconsole>true</Externalconsole>
    <DebugLevel>0</DebugLevel>
  </PropertyGroup>
  <ItemGroup>
    <Folder Include="source\" />
  </ItemGroup>
  <ItemGroup>
    <Compile Include="source\app.d" />
  </ItemGroup>
  <ProjectExtensions>
    <MonoDevelop>
      <Properties>
        <Policies>
          <TextStylePolicy TabWidth="2" IndentWidth="2" NoTabsAfterNonTabs="True" inheritsSet="VisualStudio" inheritsScope="text/plain" scope="text/x-d" />
          <DFormattingPolicy inheritsSet="Mono" inheritsScope="text/x-d" scope="text/x-d" />
        </Policies>
      </Properties>
    </MonoDevelop>
  </ProjectExtensions>
</Project>